# THIS IS AN AUTOGENERATED FILE. DO NOT EDIT THIS FILE DIRECTLY.
# yarn lockfile v1


"@biomejs/biome@^1.9.4":
  version "1.9.4"
  resolved "https://registry.npmjs.org/@biomejs/biome/-/biome-1.9.4.tgz"
  integrity sha512-1rkd7G70+o9KkTn5KLmDYXihGoTaIGO9PIIN2ZB7UJxFrWw04CZHPYiMRjYsaDvVV7hP1dYNRLxSANLaBFGpog==
  optionalDependencies:
    "@biomejs/cli-darwin-arm64" "1.9.4"
    "@biomejs/cli-darwin-x64" "1.9.4"
    "@biomejs/cli-linux-arm64" "1.9.4"
    "@biomejs/cli-linux-arm64-musl" "1.9.4"
    "@biomejs/cli-linux-x64" "1.9.4"
    "@biomejs/cli-linux-x64-musl" "1.9.4"
    "@biomejs/cli-win32-arm64" "1.9.4"
    "@biomejs/cli-win32-x64" "1.9.4"

"@biomejs/cli-linux-x64@1.9.4":
  version "1.9.4"
  resolved "https://registry.npmjs.org/@biomejs/cli-linux-x64/-/cli-linux-x64-1.9.4.tgz"
  integrity sha512-lRCJv/Vi3Vlwmbd6K+oQ0KhLHMAysN8lXoCI7XeHlxaajk06u7G+UsFSO01NAs5iYuWKmVZjmiOzJ0OJmGsMwg==

husky@^9.1.7:
  version "9.1.7"
  resolved "https://registry.npmjs.org/husky/-/husky-9.1.7.tgz"
  integrity sha512-5gs5ytaNjBrh5Ow3zrvdUUY+0VxIuWVL4i9irt6friV+BqdCfmV11CQTWMiBYWHbXhco+J1kHfTOUkePhCDvMA==
